
Microsoft Visual Studio Solution File, Format Version 12.00
# Visual Studio Version 17
VisualStudioVersion = 17.3.32929.385
MinimumVisualStudioVersion = 10.0.40219.1
Project("{9A19103F-16F7-4668-BE54-9A1E7A4F7556}") = "TaskManagement.Api", "TaskManagement.Api\TaskManagement.Api.csproj", "{51738980-0BB8-42C0-9C1A-B0619248B38E}"
EndProject
Project("{9A19103F-16F7-4668-BE54-9A1E7A4F7556}") = "TaskManagement.Application", "TaskManagement.Application\TaskManagement.Application.csproj", "{718EEF21-A42E-4822-970A-BD2657688DBE}"
EndProject
Project("{9A19103F-16F7-4668-BE54-9A1E7A4F7556}") = "TaskManagement.Domain", "TaskManagement.Domain\TaskManagement.Domain.csproj", "{A0B3DD43-C1F0-437C-9C3B-16A176B6D9D8}"
EndProject
Project("{9A19103F-16F7-4668-BE54-9A1E7A4F7556}") = "TaskManagement.Infrastructure", "TaskManagement.Infrastructure\TaskManagement.Infrastructure.csproj", "{D8B32B10-F750-44EE-B993-36E492291173}"
EndProject
Global
	GlobalSection(SolutionConfigurationPlatforms) = preSolution
		Debug|Any CPU = Debug|Any CPU
		Release|Any CPU = Release|Any CPU
	EndGlobalSection
	GlobalSection(ProjectConfigurationPlatforms) = postSolution
		{51738980-0BB8-42C0-9C1A-B0619248B38E}.Debug|Any CPU.ActiveCfg = Debug|Any CPU
		{51738980-0BB8-42C0-9C1A-B0619248B38E}.Debug|Any CPU.Build.0 = Debug|Any CPU
		{51738980-0BB8-42C0-9C1A-B0619248B38E}.Release|Any CPU.ActiveCfg = Release|Any CPU
		{51738980-0BB8-42C0-9C1A-B0619248B38E}.Release|Any CPU.Build.0 = Release|Any CPU
		{718EEF21-A42E-4822-970A-BD2657688DBE}.Debug|Any CPU.ActiveCfg = Debug|Any CPU
		{718EEF21-A42E-4822-970A-BD2657688DBE}.Debug|Any CPU.Build.0 = Debug|Any CPU
		{718EEF21-A42E-4822-970A-BD2657688DBE}.Release|Any CPU.ActiveCfg = Release|Any CPU
		{718EEF21-A42E-4822-970A-BD2657688DBE}.Release|Any CPU.Build.0 = Release|Any CPU
		{A0B3DD43-C1F0-437C-9C3B-16A176B6D9D8}.Debug|Any CPU.ActiveCfg = Debug|Any CPU
		{A0B3DD43-C1F0-437C-9C3B-16A176B6D9D8}.Debug|Any CPU.Build.0 = Debug|Any CPU
		{A0B3DD43-C1F0-437C-9C3B-16A176B6D9D8}.Release|Any CPU.ActiveCfg = Release|Any CPU
		{A0B3DD43-C1F0-437C-9C3B-16A176B6D9D8}.Release|Any CPU.Build.0 = Release|Any CPU
		{D8B32B10-F750-44EE-B993-36E492291173}.Debug|Any CPU.ActiveCfg = Debug|Any CPU
		{D8B32B10-F750-44EE-B993-36E492291173}.Debug|Any CPU.Build.0 = Debug|Any CPU
		{D8B32B10-F750-44EE-B993-36E492291173}.Release|Any CPU.ActiveCfg = Release|Any CPU
		{D8B32B10-F750-44EE-B993-36E492291173}.Release|Any CPU.Build.0 = Release|Any CPU
	EndGlobalSection
	GlobalSection(SolutionProperties) = preSolution
		HideSolutionNode = FALSE
	EndGlobalSection
	GlobalSection(ExtensibilityGlobals) = postSolution
		SolutionGuid = {238EA800-E49D-450B-ADF0-E72D15759789}
	EndGlobalSection
EndGlobal
